Microsoft Visual Studio Solution File, Format Version 10.00
# Visual C++ Express 2008
Project("{8BC9CEB8-8B4A-11D0-8D11-00A0C91BC942}") = "MyVirtualPrinter", "MyVirtualPrinter.vcproj", "{ED5FC655-7DD9-4285-864E-4D73FD06D270}"
EndProject
Global
	GlobalSection(SolutionConfigurationPlatforms) = preSolution
		Debug|Win32 = Debug|Win32
		Release|Win32 = Release|Win32
	EndGlobalSection
	GlobalSection(ProjectConfigurationPlatforms) = postSolution
		{ED5FC655-7DD9-4285-864E-4D73FD06D270}.Debug|Win32.ActiveCfg = Debug|Win32
		{ED5FC655-7DD9-4285-864E-4D73FD06D270}.Debug|Win32.Build.0 = Debug|Win32
		{ED5FC655-7DD9-4285-864E-4D73FD06D270}.Release|Win32.ActiveCfg = Release|Win32
		{ED5FC655-7DD9-4285-864E-4D73FD06D270}.Release|Win32.Build.0 = Release|Win32
	EndGlobalSection
	GlobalSection(SolutionProperties) = preSolution
		HideSolutionNode = FALSE
	EndGlobalSection
EndGlobal
